// !$*UTF8*$!
{
	archiveVersion = 1;
	classes = {
	};
	objectVersion = 50;
	objects = {

/* Begin PBXBuildFile section */
		C76885DF2371EF3F0090AFC1 /* AppDelegate.swift in Sources */ = {isa = PBXBuildFile; fileRef = C76885DE2371EF3F0090AFC1 /* AppDelegate.swift */; };
		C76885E12371EF3F0090AFC1 /* SceneDelegate.swift in Sources */ = {isa = PBXBuildFile; fileRef = C76885E02371EF3F0090AFC1 /* SceneDelegate.swift */; };
		C76885E32371EF3F0090AFC1 /* ViewController.swift in Sources */ = {isa = PBXBuildFile; fileRef = C76885E22371EF3F0090AFC1 /* ViewController.swift */; };
		C76885E62371EF3F0090AFC1 /* Main.storyboard in Resources */ = {isa = PBXBuildFile; fileRef = C76885E42371EF3F0090AFC1 /* Main.storyboard */; };
		C76885E82371EF410090AFC1 /* Assets.xcassets in Resources */ = {isa = PBXBuildFile; fileRef = C76885E72371EF410090AFC1 /* Assets.xcassets */; };
		C76885EB2371EF410090AFC1 /* LaunchScreen.storyboard in Resources */ = {isa = PBXBuildFile; fileRef = C76885E92371EF410090AFC1 /* LaunchScreen.storyboard */; };
		C76885F62371EF410090AFC1 /* TableView_exampleTests.swift in Sources */ = {isa = PBXBuildFile; fileRef = C76885F52371EF410090AFC1 /* TableView_exampleTests.swift */; };
		C76886012371F1610090AFC1 /* DSTabla.swift in Sources */ = {isa = PBXBuildFile; fileRef = C76886002371F1610090AFC1 /* DSTabla.swift */; };
		C76886032371F6660090AFC1 /* DelegateTabla.swift in Sources */ = {isa = PBXBuildFile; fileRef = C76886022371F6660090AFC1 /* DelegateTabla.swift */; };
/* End PBXBuildFile section */

/* Begin PBXContainerItemProxy section */
		C76885F22371EF410090AFC1 /* PBXContainerItemProxy */ = {
			isa = PBXContainerItemProxy;
			containerPortal = C76885D32371EF3F0090AFC1 /* Project object */;
			proxyType = 1;
			remoteGlobalIDString = C76885DA2371EF3F0090AFC1;
			remoteInfo = "TableView-example";
		};
/* End PBXContainerItemProxy section */

/* Begin PBXFileReference section */
		C76885DB2371EF3F0090AFC1 /* TableView-example.app */ = {isa = PBXFileReference; explicitFileType = wrapper.application; includeInIndex = 0; path = "TableView-example.app"; sourceTree = BUILT_PRODUCTS_DIR; };
		C76885DE2371EF3F0090AFC1 /* AppDelegate.swift */ = {isa = PBXFileReference; lastKnownFileType = sourcecode.swift; path = AppDelegate.swift; sourceTree = "<group>"; };
		C76885E02371EF3F0090AFC1 /* SceneDelegate.swift */ = {isa = PBXFileReference; lastKnownFileType = sourcecode.swift; path = SceneDelegate.swift; sourceTree = "<group>"; };
		C76885E22371EF3F0090AFC1 /* ViewController.swift */ = {isa = PBXFileReference; lastKnownFileType = sourcecode.swift; path = ViewController.swift; sourceTree = "<group>"; };
		C76885E52371EF3F0090AFC1 /* Base */ = {isa = PBXFileReference; lastKnownFileType = file.storyboard; name = Base; path = Base.lproj/Main.storyboard; sourceTree = "<group>"; };
		C76885E72371EF410090AFC1 /* Assets.xcassets */ = {isa = PBXFileReference; lastKnownFileType = folder.assetcatalog; path = Assets.xcassets; sourceTree = "<group>"; };
		C76885EA2371EF410090AFC1 /* Base */ = {isa = PBXFileReference; lastKnownFileType = file.storyboard; name = Base; path = Base.lproj/LaunchScreen.storyboard; sourceTree = "<group>"; };
		C76885EC2371EF410090AFC1 /* Info.plist */ = {isa = PBXFileReference; lastKnownFileType = text.plist.xml; path = Info.plist; sourceTree = "<group>"; };
		C76885F12371EF410090AFC1 /* TableView-exampleTests.xctest */ = {isa = PBXFileReference; explicitFileType = wrapper.cfbundle; includeInIndex = 0; path = "TableView-exampleTests.xctest"; sourceTree = BUILT_PRODUCTS_DIR; };
		C76885F52371EF410090AFC1 /* TableView_exampleTests.swift */ = {isa = PBXFileReference; lastKnownFileType = sourcecode.swift; path = TableView_exampleTests.swift; sourceTree = "<group>"; };
		C76885F72371EF410090AFC1 /* Info.plist */ = {isa = PBXFileReference; lastKnownFileType = text.plist.xml; path = Info.plist; sourceTree = "<group>"; };
		C76886002371F1610090AFC1 /* DSTabla.swift */ = {isa = PBXFileReference; lastKnownFileType = sourcecode.swift; path = DSTabla.swift; sourceTree = "<group>"; };
		C76886022371F6660090AFC1 /* DelegateTabla.swift */ = {isa = PBXFileReference; lastKnownFileType = sourcecode.swift; path = DelegateTabla.swift; sourceTree = "<group>"; };
/* End PBXFileReference section */

/* Begin PBXFrameworksBuildPhase section */
		C76885D82371EF3F0090AFC1 /* Frameworks */ = {
			isa = PBXFrameworksBuildPhase;
			buildActionMask = 2147483647;
			files = (
			);
			runOnlyForDeploymentPostprocessing = 0;
		};
		C76885EE2371EF410090AFC1 /* Frameworks */ = {
			isa = PBXFrameworksBuildPhase;
			buildActionMask = 2147483647;
			files = (
			);
			runOnlyForDeploymentPostprocessing = 0;
		};
/* End PBXFrameworksBuildPhase section */

/* Begin PBXGroup section */
		C76885D22371EF3F0090AFC1 = {
			isa = PBXGroup;
			children = (
				C76885DD2371EF3F0090AFC1 /* TableView-example */,
				C76885F42371EF410090AFC1 /* TableView-exampleTests */,
				C76885DC2371EF3F0090AFC1 /* Products */,
			);
			sourceTree = "<group>";
		};
		C76885DC2371EF3F0090AFC1 /* Products */ = {
			isa = PBXGroup;
			children = (
				C76885DB2371EF3F0090AFC1 /* TableView-example.app */,
				C76885F12371EF410090AFC1 /* TableView-exampleTests.xctest */,
			);
			name = Products;
			sourceTree = "<group>";
		};
		C76885DD2371EF3F0090AFC1 /* TableView-example */ = {
			isa = PBXGroup;
			children = (
				C76885DE2371EF3F0090AFC1 /* AppDelegate.swift */,
				C76885E02371EF3F0090AFC1 /* SceneDelegate.swift */,
				C76885E22371EF3F0090AFC1 /* ViewController.swift */,
				C76886022371F6660090AFC1 /* DelegateTabla.swift */,
				C76885E42371EF3F0090AFC1 /* Main.storyboard */,
				C76886002371F1610090AFC1 /* DSTabla.swift */,
				C76885E72371EF410090AFC1 /* Assets.xcassets */,
				C76885E92371EF410090AFC1 /* LaunchScreen.storyboard */,
				C76885EC2371EF410090AFC1 /* Info.plist */,
			);
			path = "TableView-example";
			sourceTree = "<group>";
		};
		C76885F42371EF410090AFC1 /* TableView-exampleTests */ = {
			isa = PBXGroup;
			children = (
				C76885F52371EF410090AFC1 /* TableView_exampleTests.swift */,
				C76885F72371EF410090AFC1 /* Info.plist */,
			);
			path = "TableView-exampleTests";
			sourceTree = "<group>";
		};
/* End PBXGroup section */

/* Begin PBXNativeTarget section */
		C76885DA2371EF3F0090AFC1 /* TableView-example */ = {
			isa = PBXNativeTarget;
			buildConfigurationList = C76885FA2371EF410090AFC1 /* Build configuration list for PBXNativeTarget "TableView-example" */;
			buildPhases = (
				C76885D72371EF3F0090AFC1 /* Sources */,
				C76885D82371EF3F0090AFC1 /* Frameworks */,
				C76885D92371EF3F0090AFC1 /* Resources */,
			);
			buildRules = (
			);
			dependencies = (
			);
			name = "TableView-example";
			productName = "TableView-example";
			productReference = C76885DB2371EF3F0090AFC1 /* TableView-example.app */;
			productType = "com.apple.product-type.application";
		};
		C76885F02371EF410090AFC1 /* TableView-exampleTests */ = {
			isa = PBXNativeTarget;
			buildConfigurationList = C76885FD2371EF410090AFC1 /* Build configuration list for PBXNativeTarget "TableView-exampleTests" */;
			buildPhases = (
				C76885ED2371EF410090AFC1 /* Sources */,
				C76885EE2371EF410090AFC1 /* Frameworks */,
				C76885EF2371EF410090AFC1 /* Resources */,
			);
			buildRules = (
			);
			dependencies = (
				C76885F32371EF410090AFC1 /* PBXTargetDependency */,
			);
			name = "TableView-exampleTests";
			productName = "TableView-exampleTests";
			productReference = C76885F12371EF410090AFC1 /* TableView-exampleTests.xctest */;
			productType = "com.apple.product-type.bundle.unit-test";
		};
/* End PBXNativeTarget section */

/* Begin PBXProject section */
		C76885D32371EF3F0090AFC1 /* Project object */ = {
			isa = PBXProject;
			attributes = {
				LastSwiftUpdateCheck = 1110;
				LastUpgradeCheck = 1110;
				ORGANIZATIONNAME = "Máster Móviles";
				TargetAttributes = {
					C76885DA2371EF3F0090AFC1 = {
						CreatedOnToolsVersion = 11.1;
					};
					C76885F02371EF410090AFC1 = {
						CreatedOnToolsVersion = 11.1;
						TestTargetID = C76885DA2371EF3F0090AFC1;
					};
				};
			};
			buildConfigurationList = C76885D62371EF3F0090AFC1 /* Build configuration list for PBXProject "TableView-example" */;
			compatibilityVersion = "Xcode 9.3";
			developmentRegion = en;
			hasScannedForEncodings = 0;
			knownRegions = (
				en,
				Base,
			);
			mainGroup = C76885D22371EF3F0090AFC1;
			productRefGroup = C76885DC2371EF3F0090AFC1 /* Products */;
			projectDirPath = "";
			projectRoot = "";
			targets = (
				C76885DA2371EF3F0090AFC1 /* TableView-example */,
				C76885F02371EF410090AFC1 /* TableView-exampleTests */,
			);
		};
/* End PBXProject section */

/* Begin PBXResourcesBuildPhase section */
		C76885D92371EF3F0090AFC1 /* Resources */ = {
			isa = PBXResourcesBuildPhase;
			buildActionMask = 2147483647;
			files = (
				C76885EB2371EF410090AFC1 /* LaunchScreen.storyboard in Resources */,
				C76885E82371EF410090AFC1 /* Assets.xcassets in Resources */,
				C76885E62371EF3F0090AFC1 /* Main.storyboard in Resources */,
			);
			runOnlyForDeploymentPostprocessing = 0;
		};
		C76885EF2371EF410090AFC1 /* Resources */ = {
			isa = PBXResourcesBuildPhase;
			buildActionMask = 2147483647;
			files = (
			);
			runOnlyForDeploymentPostprocessing = 0;
		};
/* End PBXResourcesBuildPhase section */

/* Begin PBXSourcesBuildPhase section */
		C76885D72371EF3F0090AFC1 /* Sources */ = {
			isa = PBXSourcesBuildPhase;
			buildActionMask = 2147483647;
			files = (
				C76885E32371EF3F0090AFC1 /* ViewController.swift in Sources */,
				C76886032371F6660090AFC1 /* DelegateTabla.swift in Sources */,
				C76885DF2371EF3F0090AFC1 /* AppDelegate.swift in Sources */,
				C76885E12371EF3F0090AFC1 /* SceneDelegate.swift in Sources */,
				C76886012371F1610090AFC1 /* DSTabla.swift in Sources */,
			);
			runOnlyForDeploymentPostprocessing = 0;
		};
		C76885ED2371EF410090AFC1 /* Sources */ = {
			isa = PBXSourcesBuildPhase;
			buildActionMask = 2147483647;
			files = (
				C76885F62371EF410090AFC1 /* TableView_exampleTests.swift in Sources */,
			);
			runOnlyForDeploymentPostprocessing = 0;
		};
/* End PBXSourcesBuildPhase section */

/* Begin PBXTargetDependency section */
		C76885F32371EF410090AFC1 /* PBXTargetDependency */ = {
			isa = PBXTargetDependency;
			target = C76885DA2371EF3F0090AFC1 /* TableView-example */;
			targetProxy = C76885F22371EF410090AFC1 /* PBXContainerItemProxy */;
		};
/* End PBXTargetDependency section */

/* Begin PBXVariantGroup section */
		C76885E42371EF3F0090AFC1 /* Main.storyboard */ = {
			isa = PBXVariantGroup;
			children = (
				C76885E52371EF3F0090AFC1 /* Base */,
			);
			name = Main.storyboard;
			sourceTree = "<group>";
		};
		C76885E92371EF410090AFC1 /* LaunchScreen.storyboard */ = {
			isa = PBXVariantGroup;
			children = (
				C76885EA2371EF410090AFC1 /* Base */,
			);
			name = LaunchScreen.storyboard;
			sourceTree = "<group>";
		};
/* End PBXVariantGroup section */

/* Begin XCBuildConfiguration section */
		C76885F82371EF410090AFC1 /* Debug */ = {
			isa = XCBuildConfiguration;
			buildSettings = {
				ALWAYS_SEARCH_USER_PATHS = NO;
				CLANG_ANALYZER_NONNULL = YES;
				CLANG_ANALYZER_NUMBER_OBJECT_CONVERSION = YES_AGGRESSIVE;
				CLANG_CXX_LANGUAGE_STANDARD = "gnu++14";
				CLANG_CXX_LIBRARY = "libc++";
				CLANG_ENABLE_MODULES = YES;
				CLANG_ENABLE_OBJC_ARC = YES;
				CLANG_ENABLE_OBJC_WEAK = YES;
				CLANG_WARN_BLOCK_CAPTURE_AUTORELEASING = YES;
				CLANG_WARN_BOOL_CONVERSION = YES;
				CLANG_WARN_COMMA = YES;
				CLANG_WARN_CONSTANT_CONVERSION = YES;
				CLANG_WARN_DEPRECATED_OBJC_IMPLEMENTATIONS = YES;
				CLANG_WARN_DIRECT_OBJC_ISA_USAGE = YES_ERROR;
				CLANG_WARN_DOCUMENTATION_COMMENTS = YES;
				CLANG_WARN_EMPTY_BODY = YES;
				CLANG_WARN_ENUM_CONVERSION = YES;
				CLANG_WARN_INFINITE_RECURSION = YES;
				CLANG_WARN_INT_CONVERSION = YES;
				CLANG_WARN_NON_LITERAL_NULL_CONVERSION = YES;
				CLANG_WARN_OBJC_IMPLICIT_RETAIN_SELF = YES;
				CLANG_WARN_OBJC_LITERAL_CONVERSION = YES;
				CLANG_WARN_OBJC_ROOT_CLASS = YES_ERROR;
				CLANG_WARN_RANGE_LOOP_ANALYSIS = YES;
				CLANG_WARN_STRICT_PROTOTYPES = YES;
				CLANG_WARN_SUSPICIOUS_MOVE = YES;
				CLANG_WARN_UNGUARDED_AVAILABILITY = YES_AGGRESSIVE;
				CLANG_WARN_UNREACHABLE_CODE = YES;
				CLANG_WARN__DUPLICATE_METHOD_MATCH = YES;
				COPY_PHASE_STRIP = NO;
				DEBUG_INFORMATION_FORMAT = dwarf;
				ENABLE_STRICT_OBJC_MSGSEND = YES;
				ENABLE_TESTABILITY = YES;
				GCC_C_LANGUAGE_STANDARD = gnu11;
				GCC_DYNAMIC_NO_PIC = NO;
				GCC_NO_COMMON_BLOCKS = YES;
				GCC_OPTIMIZATION_LEVEL = 0;
				GCC_PREPROCESSOR_DEFINITIONS = (
					"DEBUG=1",
					"$(inherited)",
				);
				GCC_WARN_64_TO_32_BIT_CONVERSION = YES;
				GCC_WARN_ABOUT_RETURN_TYPE = YES_ERROR;
				GCC_WARN_UNDECLARED_SELECTOR = YES;
				GCC_WARN_UNINITIALIZED_AUTOS = YES_AGGRESSIVE;
				GCC_WARN_UNUSED_FUNCTION = YES;
				GCC_WARN_UNUSED_VARIABLE = YES;
				IPHONEOS_DEPLOYMENT_TARGET = 13.1;
				MTL_ENABLE_DEBUG_INFO = INCLUDE_SOURCE;
				MTL_FAST_MATH = YES;
				ONLY_ACTIVE_ARCH = YES;
				SDKROOT = iphoneos;
				SWIFT_ACTIVE_COMPILATION_CONDITIONS = DEBUG;
				SWIFT_OPTIMIZATION_LEVEL = "-Onone";
			};
			name = Debug;
		};
		C76885F92371EF410090AFC1 /* Release */ = {
			isa = XCBuildConfiguration;
			buildSettings = {
				ALWAYS_SEARCH_USER_PATHS = NO;
				CLANG_ANALYZER_NONNULL = YES;
				CLANG_ANALYZER_NUMBER_OBJECT_CONVERSION = YES_AGGRESSIVE;
				CLANG_CXX_LANGUAGE_STANDARD = "gnu++14";
				CLANG_CXX_LIBRARY = "libc++";
				CLANG_ENABLE_MODULES = YES;
				CLANG_ENABLE_OBJC_ARC = YES;
				CLANG_ENABLE_OBJC_WEAK = YES;
				CLANG_WARN_BLOCK_CAPTURE_AUTORELEASING = YES;
				CLANG_WARN_BOOL_CONVERSION = YES;
				CLANG_WARN_COMMA = YES;
				CLANG_WARN_CONSTANT_CONVERSION = YES;
				CLANG_WARN_DEPRECATED_OBJC_IMPLEMENTATIONS = YES;
				CLANG_WARN_DIRECT_OBJC_ISA_USAGE = YES_ERROR;
				CLANG_WARN_DOCUMENTATION_COMMENTS = YES;
				CLANG_WARN_EMPTY_BODY = YES;
				CLANG_WARN_ENUM_CONVERSION = YES;
				CLANG_WARN_INFINITE_RECURSION = YES;
				CLANG_WARN_INT_CONVERSION = YES;
				CLANG_WARN_NON_LITERAL_NULL_CONVERSION = YES;
				CLANG_WARN_OBJC_IMPLICIT_RETAIN_SELF = YES;
				CLANG_WARN_OBJC_LITERAL_CONVERSION = YES;
				CLANG_WARN_OBJC_ROOT_CLASS = YES_ERROR;
				CLANG_WARN_RANGE_LOOP_ANALYSIS = YES;
				CLANG_WARN_STRICT_PROTOTYPES = YES;
				CLANG_WARN_SUSPICIOUS_MOVE = YES;
				CLANG_WARN_UNGUARDED_AVAILABILITY = YES_AGGRESSIVE;
				CLANG_WARN_UNREACHABLE_CODE = YES;
				CLANG_WARN__DUPLICATE_METHOD_MATCH = YES;
				COPY_PHASE_STRIP = NO;
				DEBUG_INFORMATION_FORMAT = "dwarf-with-dsym";
				ENABLE_NS_ASSERTIONS = NO;
				ENABLE_STRICT_OBJC_MSGSEND = YES;
				GCC_C_LANGUAGE_STANDARD = gnu11;
				GCC_NO_COMMON_BLOCKS = YES;
				GCC_WARN_64_TO_32_BIT_CONVERSION = YES;
				GCC_WARN_ABOUT_RETURN_TYPE = YES_ERROR;
				GCC_WARN_UNDECLARED_SELECTOR = YES;
				GCC_WARN_UNINITIALIZED_AUTOS = YES_AGGRESSIVE;
				GCC_WARN_UNUSED_FUNCTION = YES;
				GCC_WARN_UNUSED_VARIABLE = YES;
				IPHONEOS_DEPLOYMENT_TARGET = 13.1;
				MTL_ENABLE_DEBUG_INFO = NO;
				MTL_FAST_MATH = YES;
				SDKROOT = iphoneos;
				SWIFT_COMPILATION_MODE = wholemodule;
				SWIFT_OPTIMIZATION_LEVEL = "-O";
				VALIDATE_PRODUCT = YES;
			};
			name = Release;
		};
		C76885FB2371EF410090AFC1 /* Debug */ = {
			isa = XCBuildConfiguration;
			buildSettings = {
				ASSETCATALOG_COMPILER_APPICON_NAME = AppIcon;
				CODE_SIGN_STYLE = Automatic;
				INFOPLIST_FILE = "TableView-example/Info.plist";
				LD_RUNPATH_SEARCH_PATHS = (
					"$(inherited)",
					"@executable_path/Frameworks",
				);
				PRODUCT_BUNDLE_IDENTIFIER = "com.ua.jgm139.TableView-example";
				PRODUCT_NAME = "TableView-example";
				SWIFT_VERSION = 5.0;
				TARGETED_DEVICE_FAMILY = "1,2";
			};
			name = Debug;
		};
		C76885FC2371EF410090AFC1 /* Release */ = {
			isa = XCBuildConfiguration;
			buildSettings = {
				ASSETCATALOG_COMPILER_APPICON_NAME = AppIcon;
				CODE_SIGN_STYLE = Automatic;
				INFOPLIST_FILE = "TableView-example/Info.plist";
				LD_RUNPATH_SEARCH_PATHS = (
					"$(inherited)",
					"@executable_path/Frameworks",
				);
				PRODUCT_BUNDLE_IDENTIFIER = "com.ua.jgm139.TableView-example";
				PRODUCT_NAME = "TableView-example";
				SWIFT_VERSION = 5.0;
				TARGETED_DEVICE_FAMILY = "1,2";
			};
			name = Release;
		};
		C76885FE2371EF410090AFC1 /* Debug */ = {
			isa = XCBuildConfiguration;
			buildSettings = {
				ALWAYS_EMBED_SWIFT_STANDARD_LIBRARIES = YES;
				BUNDLE_LOADER = "$(TEST_HOST)";
				CODE_SIGN_STYLE = Automatic;
				INFOPLIST_FILE = "TableView-exampleTests/Info.plist";
				IPHONEOS_DEPLOYMENT_TARGET = 13.1;
				LD_RUNPATH_SEARCH_PATHS = (
					"$(inherited)",
					"@executable_path/Frameworks",
					"@loader_path/Frameworks",
				);
				PRODUCT_BUNDLE_IDENTIFIER = "com.ua.jgm139.TableView-exampleTests";
				PRODUCT_NAME = "$(TARGET_NAME)";
				SWIFT_VERSION = 5.0;
				TARGETED_DEVICE_FAMILY = "1,2";
				TEST_HOST = "$(BUILT_PRODUCTS_DIR)/TableView-example.app/TableView-example";
			};
			name = Debug;
		};
		C76885FF2371EF410090AFC1 /* Release */ = {
			isa = XCBuildConfiguration;
			buildSettings = {
				ALWAYS_EMBED_SWIFT_STANDARD_LIBRARIES = YES;
				BUNDLE_LOADER = "$(TEST_HOST)";
				CODE_SIGN_STYLE = Automatic;
				INFOPLIST_FILE = "TableView-exampleTests/Info.plist";
				IPHONEOS_DEPLOYMENT_TARGET = 13.1;
				LD_RUNPATH_SEARCH_PATHS = (
					"$(inherited)",
					"@executable_path/Frameworks",
					"@loader_path/Frameworks",
				);
				PRODUCT_BUNDLE_IDENTIFIER = "com.ua.jgm139.TableView-exampleTests";
				PRODUCT_NAME = "$(TARGET_NAME)";
				SWIFT_VERSION = 5.0;
				TARGETED_DEVICE_FAMILY = "1,2";
				TEST_HOST = "$(BUILT_PRODUCTS_DIR)/TableView-example.app/TableView-example";
			};
			name = Release;
		};
/* End XCBuildConfiguration section */

/* Begin XCConfigurationList section */
		C76885D62371EF3F0090AFC1 /* Build configuration list for PBXProject "TableView-example" */ = {
			isa = XCConfigurationList;
			buildConfigurations = (
				C76885F82371EF410090AFC1 /* Debug */,
				C76885F92371EF410090AFC1 /* Release */,
			);
			defaultConfigurationIsVisible = 0;
			defaultConfigurationName = Release;
		};
		C76885FA2371EF410090AFC1 /* Build configuration list for PBXNativeTarget "TableView-example" */ = {
			isa = XCConfigurationList;
			buildConfigurations = (
				C76885FB2371EF410090AFC1 /* Debug */,
				C76885FC2371EF410090AFC1 /* Release */,
			);
			defaultConfigurationIsVisible = 0;
			defaultConfigurationName = Release;
		};
		C76885FD2371EF410090AFC1 /* Build configuration list for PBXNativeTarget "TableView-exampleTests" */ = {
			isa = XCConfigurationList;
			buildConfigurations = (
				C76885FE2371EF410090AFC1 /* Debug */,
				C76885FF2371EF410090AFC1 /* Release */,
			);
			defaultConfigurationIsVisible = 0;
			defaultConfigurationName = Release;
		};
/* End XCConfigurationList section */
	};
	rootObject = C76885D32371EF3F0090AFC1 /* Project object */;
}
